
Microsoft Visual Studio Solution File, Format Version 11.00
# Visual C# Express 2010
Project("{FAE04EC0-301F-11D3-BF4B-00C04F79EFBC}") = "ClipSpeak", "ClipSpeak.csproj", "{ED9CAB4E-060D-4823-BC8F-65082B6E41BB}"
EndProject
Project("{FAE04EC0-301F-11D3-BF4B-00C04F79EFBC}") = "ClipMon", "ClipMon\ClipMon.csproj", "{E86B5AB6-3C29-44F3-A58D-0F9D68BBD8E3}"
EndProject
Global
	GlobalSection(SolutionConfigurationPlatforms) = preSolution
		Debug|Any CPU = Debug|Any CPU
		Release|Any CPU = Release|Any CPU
	EndGlobalSection
	GlobalSection(ProjectConfigurationPlatforms) = postSolution
		{ED9CAB4E-060D-4823-BC8F-65082B6E41BB}.Debug|Any CPU.ActiveCfg = Debug|Any CPU
		{ED9CAB4E-060D-4823-BC8F-65082B6E41BB}.Debug|Any CPU.Build.0 = Debug|Any CPU
		{ED9CAB4E-060D-4823-BC8F-65082B6E41BB}.Release|Any CPU.ActiveCfg = Release|Any CPU
		{ED9CAB4E-060D-4823-BC8F-65082B6E41BB}.Release|Any CPU.Build.0 = Release|Any CPU
		{E86B5AB6-3C29-44F3-A58D-0F9D68BBD8E3}.Debug|Any CPU.ActiveCfg = Debug|Any CPU
		{E86B5AB6-3C29-44F3-A58D-0F9D68BBD8E3}.Debug|Any CPU.Build.0 = Debug|Any CPU
		{E86B5AB6-3C29-44F3-A58D-0F9D68BBD8E3}.Release|Any CPU.ActiveCfg = Release|Any CPU
		{E86B5AB6-3C29-44F3-A58D-0F9D68BBD8E3}.Release|Any CPU.Build.0 = Release|Any CPU
	EndGlobalSection
	GlobalSection(SolutionProperties) = preSolution
		HideSolutionNode = FALSE
	EndGlobalSection
EndGlobal
